
Microsoft Visual Studio Solution File, Format Version 12.00
# Visual Studio Version 17
VisualStudioVersion = 17.1.32210.238
MinimumVisualStudioVersion = 10.0.40219.1
Project("{FAE04EC0-301F-11D3-BF4B-00C04F79EFBC}") = "e-Agenda.ConsoleApp", "e-Agenda.ConsoleApp\e-Agenda.ConsoleApp.csproj", "{19DF2943-25BC-4BE4-924A-F22DF059FEE7}"
EndProject
Global
	GlobalSection(SolutionConfigurationPlatforms) = preSolution
		Debug|Any CPU = Debug|Any CPU
		Release|Any CPU = Release|Any CPU
	EndGlobalSection
	GlobalSection(ProjectConfigurationPlatforms) = postSolution
		{19DF2943-25BC-4BE4-924A-F22DF059FEE7}.Debug|Any CPU.ActiveCfg = Debug|Any CPU
		{19DF2943-25BC-4BE4-924A-F22DF059FEE7}.Debug|Any CPU.Build.0 = Debug|Any CPU
		{19DF2943-25BC-4BE4-924A-F22DF059FEE7}.Release|Any CPU.ActiveCfg = Release|Any CPU
		{19DF2943-25BC-4BE4-924A-F22DF059FEE7}.Release|Any CPU.Build.0 = Release|Any CPU
	EndGlobalSection
	GlobalSection(SolutionProperties) = preSolution
		HideSolutionNode = FALSE
	EndGlobalSection
	GlobalSection(ExtensibilityGlobals) = postSolution
		SolutionGuid = {84FE4114-CFAA-4956-8818-F3500D96486B}
	EndGlobalSection
EndGlobal
